
Microsoft Visual Studio Solution File, Format Version 12.00
# Visual Studio Version 16
VisualStudioVersion = 16.0.31911.196
MinimumVisualStudioVersion = 10.0.40219.1
Project("{FAE04EC0-301F-11D3-BF4B-00C04F79EFBC}") = "TrackerUI", "TrackerUI\TrackerUI.csproj", "{FAA8D45E-7E62-4D0C-9386-5F13FA29965C}"
EndProject
Project("{FAE04EC0-301F-11D3-BF4B-00C04F79EFBC}") = "TrackerLibrary", "TrackLibrary\TrackerLibrary.csproj", "{627D6E7D-CD55-45EF-B598-FFB85E7D820F}"
EndProject
Global
	GlobalSection(SolutionConfigurationPlatforms) = preSolution
		Debug|Any CPU = Debug|Any CPU
		Release|Any CPU = Release|Any CPU
	EndGlobalSection
	GlobalSection(ProjectConfigurationPlatforms) = postSolution
		{FAA8D45E-7E62-4D0C-9386-5F13FA29965C}.Debug|Any CPU.ActiveCfg = Debug|Any CPU
		{FAA8D45E-7E62-4D0C-9386-5F13FA29965C}.Debug|Any CPU.Build.0 = Debug|Any CPU
		{FAA8D45E-7E62-4D0C-9386-5F13FA29965C}.Release|Any CPU.ActiveCfg = Release|Any CPU
		{FAA8D45E-7E62-4D0C-9386-5F13FA29965C}.Release|Any CPU.Build.0 = Release|Any CPU
		{627D6E7D-CD55-45EF-B598-FFB85E7D820F}.Debug|Any CPU.ActiveCfg = Debug|Any CPU
		{627D6E7D-CD55-45EF-B598-FFB85E7D820F}.Debug|Any CPU.Build.0 = Debug|Any CPU
		{627D6E7D-CD55-45EF-B598-FFB85E7D820F}.Release|Any CPU.ActiveCfg = Release|Any CPU
		{627D6E7D-CD55-45EF-B598-FFB85E7D820F}.Release|Any CPU.Build.0 = Release|Any CPU
	EndGlobalSection
	GlobalSection(SolutionProperties) = preSolution
		HideSolutionNode = FALSE
	EndGlobalSection
	GlobalSection(ExtensibilityGlobals) = postSolution
		SolutionGuid = {944EDAFD-EAA1-4A19-A07F-FE49AC4C79D2}
	EndGlobalSection
EndGlobal
